
Microsoft Visual Studio Solution File, Format Version 10.00
# Visual C++ Express 2008
Project("{8BC9CEB8-8B4A-11D0-8D11-00A0C91BC942}") = "Mesmer", "Mesmer\Mesmer.vcproj", "{2BCC6B10-A435-4738-985B-3B3E405D568E}"
	ProjectSection(ProjectDependencies) = postProject
		{71A7FD85-66B8-4235-91AC-914AC894D6E1} = {71A7FD85-66B8-4235-91AC-914AC894D6E1}
		{772A61A8-365D-4C72-8B17-33B30767E2F8} = {772A61A8-365D-4C72-8B17-33B30767E2F8}
	EndProjectSection
EndProject
Project("{8BC9CEB8-8B4A-11D0-8D11-00A0C91BC942}") = "TinyXML", "TinyXML\TinyXML.vcproj", "{772A61A8-365D-4C72-8B17-33B30767E2F8}"
EndProject
Project("{8BC9CEB8-8B4A-11D0-8D11-00A0C91BC942}") = "qd", "qd\qd.vcproj", "{71A7FD85-66B8-4235-91AC-914AC894D6E1}"
EndProject
Global
	GlobalSection(SolutionConfigurationPlatforms) = preSolution
		Debug|Win32 = Debug|Win32
		Release|Win32 = Release|Win32
	EndGlobalSection
	GlobalSection(ProjectConfigurationPlatforms) = postSolution
		{2BCC6B10-A435-4738-985B-3B3E405D568E}.Debug|Win32.ActiveCfg = Debug|Win32
		{2BCC6B10-A435-4738-985B-3B3E405D568E}.Debug|Win32.Build.0 = Debug|Win32
		{2BCC6B10-A435-4738-985B-3B3E405D568E}.Release|Win32.ActiveCfg = Release|Win32
		{2BCC6B10-A435-4738-985B-3B3E405D568E}.Release|Win32.Build.0 = Release|Win32
		{772A61A8-365D-4C72-8B17-33B30767E2F8}.Debug|Win32.ActiveCfg = Debug|Win32
		{772A61A8-365D-4C72-8B17-33B30767E2F8}.Debug|Win32.Build.0 = Debug|Win32
		{772A61A8-365D-4C72-8B17-33B30767E2F8}.Release|Win32.ActiveCfg = Release|Win32
		{772A61A8-365D-4C72-8B17-33B30767E2F8}.Release|Win32.Build.0 = Release|Win32
		{71A7FD85-66B8-4235-91AC-914AC894D6E1}.Debug|Win32.ActiveCfg = Debug|Win32
		{71A7FD85-66B8-4235-91AC-914AC894D6E1}.Debug|Win32.Build.0 = Debug|Win32
		{71A7FD85-66B8-4235-91AC-914AC894D6E1}.Release|Win32.ActiveCfg = Release|Win32
		{71A7FD85-66B8-4235-91AC-914AC894D6E1}.Release|Win32.Build.0 = Release|Win32
	EndGlobalSection
	GlobalSection(SolutionProperties) = preSolution
		HideSolutionNode = FALSE
	EndGlobalSection
EndGlobal
